<?xml version="1.0" encoding="utf-8"?>
<Project ToolsVersion="4.0" xmlns="http://schemas.microsoft.com/developer/msbuild/2003">
  <ItemGroup>
    <Filter Include="99. etc">
      <UniqueIdentifier>{5d218f60-49ee-495b-aa9d-29eda25be8f1}</UniqueIdentifier>
    </Filter>
    <Filter Include="99. etc\리소스 파일">
      <UniqueIdentifier>{67DA6AB6-F800-4c08-8B7A-83BB121AAD01}</UniqueIdentifier>
      <Extensions>rc;ico;cur;bmp;dlg;rc2;rct;bin;rgs;gif;jpg;jpeg;jpe;resx;tiff;tif;png;wav;mfcribbon-ms</Extensions>
    </Filter>
    <Filter Include="00. Mainframe">
      <UniqueIdentifier>{e058b85a-8e4f-4aac-b1f4-8691f463bb4f}</UniqueIdentifier>
    </Filter>
    <Filter Include="99. Header">
      <UniqueIdentifier>{372ed203-2236-4fb0-8e26-102ed92dc6f7}</UniqueIdentifier>
    </Filter>
    <Filter Include="00. Mainframe\01. Maingame">
      <UniqueIdentifier>{87c897aa-30be-41ac-acc6-061495bc04cf}</UniqueIdentifier>
    </Filter>
    <Filter Include="01. GameObject">
      <UniqueIdentifier>{640bde3e-f860-43e0-9409-5515641e303f}</UniqueIdentifier>
    </Filter>
    <Filter Include="01. GameObject\01. Player">
      <UniqueIdentifier>{29500fe0-e853-4d09-8c7e-f91822e873bf}</UniqueIdentifier>
    </Filter>
    <Filter Include="02. Mgr">
      <UniqueIdentifier>{caa5fb42-819d-44e1-b14b-8326b3e69ba9}</UniqueIdentifier>
    </Filter>
    <Filter Include="02. Mgr\01. AbstractFactory">
      <UniqueIdentifier>{f4fd87d1-3c77-4bb9-87ce-696a2e69e4c7}</UniqueIdentifier>
    </Filter>
    <Filter Include="02. Mgr\02. CollisionMgr">
      <UniqueIdentifier>{aae14dbb-67ba-4029-b014-4b7598957658}</UniqueIdentifier>
    </Filter>
    <Filter Include="02. Mgr\03. ObjMgr">
      <UniqueIdentifier>{666028a7-3a85-4796-83bf-5189f1318a59}</UniqueIdentifier>
    </Filter>
    <Filter Include="02. Mgr\04. KeyMgr">
      <UniqueIdentifier>{5aaf8089-ed8d-4b8f-8c31-75826c26af45}</UniqueIdentifier>
    </Filter>
  </ItemGroup>
  <ItemGroup>
    <ClInclude Include="Resource.h">
      <Filter>99. etc</Filter>
    </ClInclude>
    <ClInclude Include="targetver.h">
      <Filter>99. etc</Filter>
    </ClInclude>
    <ClInclude Include="Mainframe.h">
      <Filter>00. Mainframe</Filter>
    </ClInclude>
    <ClInclude Include="stdafx.h">
      <Filter>99. Header</Filter>
    </ClInclude>
    <ClInclude Include="define.h">
      <Filter>99. Header</Filter>
    </ClInclude>
    <ClInclude Include="Maingame.h">
      <Filter>00. Mainframe\01. Maingame</Filter>
    </ClInclude>
    <ClInclude Include="extern.h">
      <Filter>99. Header</Filter>
    </ClInclude>
    <ClInclude Include="Struct.h">
      <Filter>99. Header</Filter>
    </ClInclude>
    <ClInclude Include="GameObj.h">
      <Filter>01. GameObject</Filter>
    </ClInclude>
    <ClInclude Include="enum.h">
      <Filter>99. Header</Filter>
    </ClInclude>
    <ClInclude Include="Player.h">
      <Filter>01. GameObject\01. Player</Filter>
    </ClInclude>
    <ClInclude Include="CAbstractFactory.h">
      <Filter>02. Mgr\01. AbstractFactory</Filter>
    </ClInclude>
  </ItemGroup>
  <ItemGroup>
    <ClCompile Include="stdafx.cpp">
      <Filter>99. etc</Filter>
    </ClCompile>
    <ClCompile Include="Mainframe.cpp">
      <Filter>00. Mainframe</Filter>
    </ClCompile>
    <ClCompile Include="Maingame.cpp">
      <Filter>00. Mainframe\01. Maingame</Filter>
    </ClCompile>
    <ClCompile Include="GameObj.cpp">
      <Filter>01. GameObject</Filter>
    </ClCompile>
    <ClCompile Include="Player.cpp">
      <Filter>01. GameObject\01. Player</Filter>
    </ClCompile>
  </ItemGroup>
  <ItemGroup>
    <ResourceCompile Include="Portfolio.rc">
      <Filter>99. etc\리소스 파일</Filter>
    </ResourceCompile>
  </ItemGroup>
  <ItemGroup>
    <Image Include="small.ico">
      <Filter>99. etc\리소스 파일</Filter>
    </Image>
    <Image Include="Portfolio.ico">
      <Filter>99. etc\리소스 파일</Filter>
    </Image>
  </ItemGroup>
  <ItemGroup>
    <Text Include="ReadMe.txt">
      <Filter>99. etc</Filter>
    </Text>
    <Text Include="CMaingame_ReadMe.txt">
      <Filter>00. Mainframe\01. Maingame</Filter>
    </Text>
    <Text Include="CGameObj_ReadMe.txt">
      <Filter>01. GameObject</Filter>
    </Text>
  </ItemGroup>
</Project>