<?xml version="1.0" encoding="utf-8"?>
<Project ToolsVersion="4.0" xmlns="http://schemas.microsoft.com/developer/msbuild/2003">
  <ItemGroup>
    <Filter Include="99. etc">
      <UniqueIdentifier>{5d218f60-49ee-495b-aa9d-29eda25be8f1}</UniqueIdentifier>
    </Filter>
    <Filter Include="99. etc\리소스 파일">
      <UniqueIdentifier>{67DA6AB6-F800-4c08-8B7A-83BB121AAD01}</UniqueIdentifier>
      <Extensions>rc;ico;cur;bmp;dlg;rc2;rct;bin;rgs;gif;jpg;jpeg;jpe;resx;tiff;tif;png;wav;mfcribbon-ms</Extensions>
    </Filter>
    <Filter Include="00. Mainframe">
      <UniqueIdentifier>{e058b85a-8e4f-4aac-b1f4-8691f463bb4f}</UniqueIdentifier>
    </Filter>
    <Filter Include="99. Header">
      <UniqueIdentifier>{372ed203-2236-4fb0-8e26-102ed92dc6f7}</UniqueIdentifier>
    </Filter>
  </ItemGroup>
  <ItemGroup>
    <ClInclude Include="Resource.h">
      <Filter>99. etc</Filter>
    </ClInclude>
    <ClInclude Include="targetver.h">
      <Filter>99. etc</Filter>
    </ClInclude>
    <ClInclude Include="Mainframe.h">
      <Filter>00. Mainframe</Filter>
    </ClInclude>
    <ClInclude Include="stdafx.h">
      <Filter>99. Header</Filter>
    </ClInclude>
    <ClInclude Include="define.h">
      <Filter>99. Header</Filter>
    </ClInclude>
  </ItemGroup>
  <ItemGroup>
    <ClCompile Include="stdafx.cpp">
      <Filter>99. etc</Filter>
    </ClCompile>
    <ClCompile Include="Mainframe.cpp">
      <Filter>00. Mainframe</Filter>
    </ClCompile>
  </ItemGroup>
  <ItemGroup>
    <ResourceCompile Include="Portfolio.rc">
      <Filter>99. etc\리소스 파일</Filter>
    </ResourceCompile>
  </ItemGroup>
  <ItemGroup>
    <Image Include="small.ico">
      <Filter>99. etc\리소스 파일</Filter>
    </Image>
    <Image Include="Portfolio.ico">
      <Filter>99. etc\리소스 파일</Filter>
    </Image>
  </ItemGroup>
  <ItemGroup>
    <Text Include="ReadMe.txt">
      <Filter>99. etc</Filter>
    </Text>
  </ItemGroup>
</Project>